
Microsoft Visual Studio Solution File, Format Version 12.00
# Visual Studio Version 17
VisualStudioVersion = 17.8.34330.188
MinimumVisualStudioVersion = 10.0.40219.1
Project("{FAE04EC0-301F-11D3-BF4B-00C04F79EFBC}") = "MessagingAppProject", "MessagingAppProject\MessagingAppProject.csproj", "{9A92A1F4-C28D-4124-92FF-00BD5D302E88}"
EndProject
Global
	GlobalSection(SolutionConfigurationPlatforms) = preSolution
		Debug|Any CPU = Debug|Any CPU
		Release|Any CPU = Release|Any CPU
	EndGlobalSection
	GlobalSection(ProjectConfigurationPlatforms) = postSolution
		{9A92A1F4-C28D-4124-92FF-00BD5D302E88}.Debug|Any CPU.ActiveCfg = Debug|Any CPU
		{9A92A1F4-C28D-4124-92FF-00BD5D302E88}.Debug|Any CPU.Build.0 = Debug|Any CPU
		{9A92A1F4-C28D-4124-92FF-00BD5D302E88}.Release|Any CPU.ActiveCfg = Release|Any CPU
		{9A92A1F4-C28D-4124-92FF-00BD5D302E88}.Release|Any CPU.Build.0 = Release|Any CPU
	EndGlobalSection
	GlobalSection(SolutionProperties) = preSolution
		HideSolutionNode = FALSE
	EndGlobalSection
	GlobalSection(ExtensibilityGlobals) = postSolution
		SolutionGuid = {BAA57C13-4A63-48DF-882D-31996629C4E7}
	EndGlobalSection
EndGlobal
